
Microsoft Visual Studio Solution File, Format Version 12.00
# Visual Studio Version 16
VisualStudioVersion = 16.0.32106.194
MinimumVisualStudioVersion = 10.0.40219.1
Project("{FAE04EC0-301F-11D3-BF4B-00C04F79EFBC}") = "TRMDataManager", "TRMDataManager\TRMDataManager.csproj", "{FD920966-A3A6-4057-99D3-BB3288C00598}"
EndProject
Global
	GlobalSection(SolutionConfigurationPlatforms) = preSolution
		Debug|Any CPU = Debug|Any CPU
		Release|Any CPU = Release|Any CPU
	EndGlobalSection
	GlobalSection(ProjectConfigurationPlatforms) = postSolution
		{FD920966-A3A6-4057-99D3-BB3288C00598}.Debug|Any CPU.ActiveCfg = Debug|Any CPU
		{FD920966-A3A6-4057-99D3-BB3288C00598}.Debug|Any CPU.Build.0 = Debug|Any CPU
		{FD920966-A3A6-4057-99D3-BB3288C00598}.Release|Any CPU.ActiveCfg = Release|Any CPU
		{FD920966-A3A6-4057-99D3-BB3288C00598}.Release|Any CPU.Build.0 = Release|Any CPU
	EndGlobalSection
	GlobalSection(SolutionProperties) = preSolution
		HideSolutionNode = FALSE
	EndGlobalSection
	GlobalSection(ExtensibilityGlobals) = postSolution
		SolutionGuid = {8F900D44-A618-496F-825B-E6B6658FDF32}
	EndGlobalSection
EndGlobal
